
Microsoft Visual Studio Solution File, Format Version 12.00
# Visual Studio Version 17
VisualStudioVersion = 17.7.34221.43
MinimumVisualStudioVersion = 10.0.40219.1
Project("{9A19103F-16F7-4668-BE54-9A1E7A4F7556}") = "Workshop Forum App", "Workshop Forum App\Workshop Forum App.csproj", "{BCD265C4-D6DA-4A3C-9E89-E7B4C473544D}"
EndProject
Project("{FAE04EC0-301F-11D3-BF4B-00C04F79EFBC}") = "Forum.ViewModels", "Forum.ViewModels\Forum.ViewModels.csproj", "{84C42B1C-9935-4240-8EFD-B9CCC9CD6BB4}"
EndProject
Project("{FAE04EC0-301F-11D3-BF4B-00C04F79EFBC}") = "Forum.Services", "Forum.Services\Forum.Services.csproj", "{0219BF73-A9DB-456B-BD72-3E27A27FA785}"
EndProject
Global
	GlobalSection(SolutionConfigurationPlatforms) = preSolution
		Debug|Any CPU = Debug|Any CPU
		Release|Any CPU = Release|Any CPU
	EndGlobalSection
	GlobalSection(ProjectConfigurationPlatforms) = postSolution
		{BCD265C4-D6DA-4A3C-9E89-E7B4C473544D}.Debug|Any CPU.ActiveCfg = Debug|Any CPU
		{BCD265C4-D6DA-4A3C-9E89-E7B4C473544D}.Debug|Any CPU.Build.0 = Debug|Any CPU
		{BCD265C4-D6DA-4A3C-9E89-E7B4C473544D}.Release|Any CPU.ActiveCfg = Release|Any CPU
		{BCD265C4-D6DA-4A3C-9E89-E7B4C473544D}.Release|Any CPU.Build.0 = Release|Any CPU
		{84C42B1C-9935-4240-8EFD-B9CCC9CD6BB4}.Debug|Any CPU.ActiveCfg = Debug|Any CPU
		{84C42B1C-9935-4240-8EFD-B9CCC9CD6BB4}.Debug|Any CPU.Build.0 = Debug|Any CPU
		{84C42B1C-9935-4240-8EFD-B9CCC9CD6BB4}.Release|Any CPU.ActiveCfg = Release|Any CPU
		{84C42B1C-9935-4240-8EFD-B9CCC9CD6BB4}.Release|Any CPU.Build.0 = Release|Any CPU
		{0219BF73-A9DB-456B-BD72-3E27A27FA785}.Debug|Any CPU.ActiveCfg = Debug|Any CPU
		{0219BF73-A9DB-456B-BD72-3E27A27FA785}.Debug|Any CPU.Build.0 = Debug|Any CPU
		{0219BF73-A9DB-456B-BD72-3E27A27FA785}.Release|Any CPU.ActiveCfg = Release|Any CPU
		{0219BF73-A9DB-456B-BD72-3E27A27FA785}.Release|Any CPU.Build.0 = Release|Any CPU
	EndGlobalSection
	GlobalSection(SolutionProperties) = preSolution
		HideSolutionNode = FALSE
	EndGlobalSection
	GlobalSection(ExtensibilityGlobals) = postSolution
		SolutionGuid = {F79A45A7-E1A1-483C-996C-57A92B884D08}
	EndGlobalSection
EndGlobal
